
Microsoft Visual Studio Solution File, Format Version 12.00
# Visual Studio Version 16
VisualStudioVersion = 16.0.33328.57
MinimumVisualStudioVersion = 10.0.40219.1
Project("{FAE04EC0-301F-11D3-BF4B-00C04F79EFBC}") = "data", "data.csproj", "{80089BB4-6855-4690-8A52-F2759CDD11C2}"
EndProject
Global
	GlobalSection(SolutionConfigurationPlatforms) = preSolution
		Debug|Any CPU = Debug|Any CPU
		Release|Any CPU = Release|Any CPU
	EndGlobalSection
	GlobalSection(ProjectConfigurationPlatforms) = postSolution
		{80089BB4-6855-4690-8A52-F2759CDD11C2}.Debug|Any CPU.ActiveCfg = Debug|Any CPU
		{80089BB4-6855-4690-8A52-F2759CDD11C2}.Debug|Any CPU.Build.0 = Debug|Any CPU
		{80089BB4-6855-4690-8A52-F2759CDD11C2}.Release|Any CPU.ActiveCfg = Release|Any CPU
		{80089BB4-6855-4690-8A52-F2759CDD11C2}.Release|Any CPU.Build.0 = Release|Any CPU
	EndGlobalSection
	GlobalSection(SolutionProperties) = preSolution
		HideSolutionNode = FALSE
	EndGlobalSection
	GlobalSection(ExtensibilityGlobals) = postSolution
		SolutionGuid = {0A758CC8-1F97-42B9-BBA3-3B21E6D55D31}
	EndGlobalSection
EndGlobal
